
Microsoft Visual Studio Solution File, Format Version 12.00
# Visual Studio 14
VisualStudioVersion = 14.0.24720.0
MinimumVisualStudioVersion = 10.0.40219.1
Project("{FAE04EC0-301F-11D3-BF4B-00C04F79EFBC}") = "Candy.netfx35", "Candy\Candy.netfx35.csproj", "{986A3277-86C5-4707-9901-D0B408CD8E29}"
EndProject
Project("{FAE04EC0-301F-11D3-BF4B-00C04F79EFBC}") = "Candy.Tests.netfx35", "Candy.Tests\Candy.Tests.netfx35.csproj", "{566D96DC-A7AD-42B8-9B76-71F8A3F6C8EF}"
EndProject
Global
	GlobalSection(SolutionConfigurationPlatforms) = preSolution
		Debug|Any CPU = Debug|Any CPU
		Release|Any CPU = Release|Any CPU
	EndGlobalSection
	GlobalSection(ProjectConfigurationPlatforms) = postSolution
		{986A3277-86C5-4707-9901-D0B408CD8E29}.Debug|Any CPU.ActiveCfg = Debug|Any CPU
		{986A3277-86C5-4707-9901-D0B408CD8E29}.Debug|Any CPU.Build.0 = Debug|Any CPU
		{986A3277-86C5-4707-9901-D0B408CD8E29}.Release|Any CPU.ActiveCfg = Release|Any CPU
		{986A3277-86C5-4707-9901-D0B408CD8E29}.Release|Any CPU.Build.0 = Release|Any CPU
		{566D96DC-A7AD-42B8-9B76-71F8A3F6C8EF}.Debug|Any CPU.ActiveCfg = Debug|Any CPU
		{566D96DC-A7AD-42B8-9B76-71F8A3F6C8EF}.Debug|Any CPU.Build.0 = Debug|Any CPU
		{566D96DC-A7AD-42B8-9B76-71F8A3F6C8EF}.Release|Any CPU.ActiveCfg = Release|Any CPU
		{566D96DC-A7AD-42B8-9B76-71F8A3F6C8EF}.Release|Any CPU.Build.0 = Release|Any CPU
	EndGlobalSection
	GlobalSection(SolutionProperties) = preSolution
		HideSolutionNode = FALSE
	EndGlobalSection
EndGlobal
