
Microsoft Visual Studio Solution File, Format Version 12.00
# Visual Studio 14
VisualStudioVersion = 14.0.24720.0
MinimumVisualStudioVersion = 10.0.40219.1
Project("{FAE04EC0-301F-11D3-BF4B-00C04F79EFBC}") = "Candy.netfx40", "Candy\Candy.netfx40.csproj", "{A5777135-106B-4A4D-8978-FF1175D2BCC7}"
EndProject
Project("{FAE04EC0-301F-11D3-BF4B-00C04F79EFBC}") = "Candy.Tests.netfx40", "Candy.Tests\Candy.Tests.netfx40.csproj", "{566D96DC-A7AD-42B8-9B76-71F8A3F6C8EF}"
EndProject
Global
	GlobalSection(SolutionConfigurationPlatforms) = preSolution
		Debug|Any CPU = Debug|Any CPU
		Release|Any CPU = Release|Any CPU
	EndGlobalSection
	GlobalSection(ProjectConfigurationPlatforms) = postSolution
		{A5777135-106B-4A4D-8978-FF1175D2BCC7}.Debug|Any CPU.ActiveCfg = Debug|Any CPU
		{A5777135-106B-4A4D-8978-FF1175D2BCC7}.Debug|Any CPU.Build.0 = Debug|Any CPU
		{A5777135-106B-4A4D-8978-FF1175D2BCC7}.Release|Any CPU.ActiveCfg = Release|Any CPU
		{A5777135-106B-4A4D-8978-FF1175D2BCC7}.Release|Any CPU.Build.0 = Release|Any CPU
		{566D96DC-A7AD-42B8-9B76-71F8A3F6C8EF}.Debug|Any CPU.ActiveCfg = Debug|Any CPU
		{566D96DC-A7AD-42B8-9B76-71F8A3F6C8EF}.Debug|Any CPU.Build.0 = Debug|Any CPU
		{566D96DC-A7AD-42B8-9B76-71F8A3F6C8EF}.Release|Any CPU.ActiveCfg = Release|Any CPU
		{566D96DC-A7AD-42B8-9B76-71F8A3F6C8EF}.Release|Any CPU.Build.0 = Release|Any CPU
	EndGlobalSection
	GlobalSection(SolutionProperties) = preSolution
		HideSolutionNode = FALSE
	EndGlobalSection
EndGlobal
